
Microsoft Visual Studio Solution File, Format Version 12.00
# Visual Studio Version 16
VisualStudioVersion = 16.0.30804.86
MinimumVisualStudioVersion = 10.0.40219.1
Project("{9A19103F-16F7-4668-BE54-9A1E7A4F7556}") = "1-1.DotNet.Configuration.Overview1", "DotNet.Configuration.Overview1\1-1.DotNet.Configuration.Overview1.csproj", "{877B90E0-DE16-4D28-93AA-F1AD98155CE9}"
EndProject
Project("{9A19103F-16F7-4668-BE54-9A1E7A4F7556}") = "1-2.DotNet.Configuration.Overview2", "DotNet.Configuration.Overview2\1-2.DotNet.Configuration.Overview2.csproj", "{CC589E1F-4C3A-428E-A0E2-7B24D610EDAA}"
EndProject
Project("{FAE04EC0-301F-11D3-BF4B-00C04F79EFBC}") = "2-1.DotNet.Configuration.Provider1", "DotNet.Configuration.Provider1\2-1.DotNet.Configuration.Provider1.csproj", "{5F9C66E4-46F7-4975-831B-026B132C552B}"
EndProject
Project("{FAE04EC0-301F-11D3-BF4B-00C04F79EFBC}") = "2-2.DotNet.Configuration.CustomProvider", "DotNet.Configuration.CustomProvider\2-2.DotNet.Configuration.CustomProvider.csproj", "{58D657A6-D56C-40CD-8164-345304409CF2}"
EndProject
Global
	GlobalSection(SolutionConfigurationPlatforms) = preSolution
		Debug|Any CPU = Debug|Any CPU
		Release|Any CPU = Release|Any CPU
	EndGlobalSection
	GlobalSection(ProjectConfigurationPlatforms) = postSolution
		{877B90E0-DE16-4D28-93AA-F1AD98155CE9}.Debug|Any CPU.ActiveCfg = Debug|Any CPU
		{877B90E0-DE16-4D28-93AA-F1AD98155CE9}.Debug|Any CPU.Build.0 = Debug|Any CPU
		{877B90E0-DE16-4D28-93AA-F1AD98155CE9}.Release|Any CPU.ActiveCfg = Release|Any CPU
		{877B90E0-DE16-4D28-93AA-F1AD98155CE9}.Release|Any CPU.Build.0 = Release|Any CPU
		{CC589E1F-4C3A-428E-A0E2-7B24D610EDAA}.Debug|Any CPU.ActiveCfg = Debug|Any CPU
		{CC589E1F-4C3A-428E-A0E2-7B24D610EDAA}.Debug|Any CPU.Build.0 = Debug|Any CPU
		{CC589E1F-4C3A-428E-A0E2-7B24D610EDAA}.Release|Any CPU.ActiveCfg = Release|Any CPU
		{CC589E1F-4C3A-428E-A0E2-7B24D610EDAA}.Release|Any CPU.Build.0 = Release|Any CPU
		{5F9C66E4-46F7-4975-831B-026B132C552B}.Debug|Any CPU.ActiveCfg = Debug|Any CPU
		{5F9C66E4-46F7-4975-831B-026B132C552B}.Debug|Any CPU.Build.0 = Debug|Any CPU
		{5F9C66E4-46F7-4975-831B-026B132C552B}.Release|Any CPU.ActiveCfg = Release|Any CPU
		{5F9C66E4-46F7-4975-831B-026B132C552B}.Release|Any CPU.Build.0 = Release|Any CPU
		{58D657A6-D56C-40CD-8164-345304409CF2}.Debug|Any CPU.ActiveCfg = Debug|Any CPU
		{58D657A6-D56C-40CD-8164-345304409CF2}.Debug|Any CPU.Build.0 = Debug|Any CPU
		{58D657A6-D56C-40CD-8164-345304409CF2}.Release|Any CPU.ActiveCfg = Release|Any CPU
		{58D657A6-D56C-40CD-8164-345304409CF2}.Release|Any CPU.Build.0 = Release|Any CPU
	EndGlobalSection
	GlobalSection(SolutionProperties) = preSolution
		HideSolutionNode = FALSE
	EndGlobalSection
	GlobalSection(ExtensibilityGlobals) = postSolution
		SolutionGuid = {4181A809-9ABC-42C7-A882-BFB6FA329B15}
	EndGlobalSection
EndGlobal
